
Microsoft Visual Studio Solution File, Format Version 12.00
# Visual Studio 15
VisualStudioVersion = 15.0.28010.2016
MinimumVisualStudioVersion = 10.0.40219.1
Project("{9A19103F-16F7-4668-BE54-9A1E7A4F7556}") = "WebBanHang", "WebBanHang\WebBanHang.csproj", "{3A833F68-558F-4E74-BDC6-1F69A3518380}"
EndProject
Global
	GlobalSection(SolutionConfigurationPlatforms) = preSolution
		Debug|Any CPU = Debug|Any CPU
		Release|Any CPU = Release|Any CPU
	EndGlobalSection
	GlobalSection(ProjectConfigurationPlatforms) = postSolution
		{3A833F68-558F-4E74-BDC6-1F69A3518380}.Debug|Any CPU.ActiveCfg = Debug|Any CPU
		{3A833F68-558F-4E74-BDC6-1F69A3518380}.Debug|Any CPU.Build.0 = Debug|Any CPU
		{3A833F68-558F-4E74-BDC6-1F69A3518380}.Release|Any CPU.ActiveCfg = Release|Any CPU
		{3A833F68-558F-4E74-BDC6-1F69A3518380}.Release|Any CPU.Build.0 = Release|Any CPU
	EndGlobalSection
	GlobalSection(SolutionProperties) = preSolution
		HideSolutionNode = FALSE
	EndGlobalSection
	GlobalSection(ExtensibilityGlobals) = postSolution
		SolutionGuid = {5976FD3D-C72A-4CCF-B186-364D98967472}
	EndGlobalSection
EndGlobal
